// !$*UTF8*$!
{
	archiveVersion = 1;
	classes = {
	};
	objectVersion = 56;
	objects = {

/* Begin PBXBuildFile section */
		F46F2E7A29A70F99007FC154 /* main.swift in Sources */ = {isa = PBXBuildFile; fileRef = F46F2E7929A70F99007FC154 /* main.swift */; };
		F46F2E8029A7102D007FC154 /* 26~50번.swift in Sources */ = {isa = PBXBuildFile; fileRef = F46F2E7F29A7102D007FC154 /* 26~50번.swift */; };
		F46F2E8229A71037007FC154 /* 51~75번.swift in Sources */ = {isa = PBXBuildFile; fileRef = F46F2E8129A71037007FC154 /* 51~75번.swift */; };
		F46F2E8429A71044007FC154 /* 76~100번.swift in Sources */ = {isa = PBXBuildFile; fileRef = F46F2E8329A71044007FC154 /* 76~100번.swift */; };
/* End PBXBuildFile section */

/* Begin PBXCopyFilesBuildPhase section */
		F460B95B29A5F4FF00DB007F /* CopyFiles */ = {
			isa = PBXCopyFilesBuildPhase;
			buildActionMask = 2147483647;
			dstPath = /usr/share/man/man1/;
			dstSubfolderSpec = 0;
			files = (
			);
			runOnlyForDeploymentPostprocessing = 1;
		};
/* End PBXCopyFilesBuildPhase section */

/* Begin PBXFileReference section */
		F460B95D29A5F4FF00DB007F /* concise-swift */ = {isa = PBXFileReference; explicitFileType = "compiled.mach-o.executable"; includeInIndex = 0; path = "concise-swift"; sourceTree = BUILT_PRODUCTS_DIR; };
		F46F2E7929A70F99007FC154 /* main.swift */ = {isa = PBXFileReference; lastKnownFileType = sourcecode.swift; path = main.swift; sourceTree = "<group>"; };
		F46F2E7F29A7102D007FC154 /* 26~50번.swift */ = {isa = PBXFileReference; lastKnownFileType = sourcecode.swift; path = "26~50번.swift"; sourceTree = "<group>"; };
		F46F2E8129A71037007FC154 /* 51~75번.swift */ = {isa = PBXFileReference; lastKnownFileType = sourcecode.swift; path = "51~75번.swift"; sourceTree = "<group>"; };
		F46F2E8329A71044007FC154 /* 76~100번.swift */ = {isa = PBXFileReference; lastKnownFileType = sourcecode.swift; path = "76~100번.swift"; sourceTree = "<group>"; };
/* End PBXFileReference section */

/* Begin PBXFrameworksBuildPhase section */
		F460B95A29A5F4FF00DB007F /* Frameworks */ = {
			isa = PBXFrameworksBuildPhase;
			buildActionMask = 2147483647;
			files = (
			);
			runOnlyForDeploymentPostprocessing = 0;
		};
/* End PBXFrameworksBuildPhase section */

/* Begin PBXGroup section */
		F460B95429A5F4FF00DB007F = {
			isa = PBXGroup;
			children = (
				F460B95F29A5F4FF00DB007F /* concise-swift */,
				F460B95E29A5F4FF00DB007F /* Products */,
			);
			sourceTree = "<group>";
		};
		F460B95E29A5F4FF00DB007F /* Products */ = {
			isa = PBXGroup;
			children = (
				F460B95D29A5F4FF00DB007F /* concise-swift */,
			);
			name = Products;
			sourceTree = "<group>";
		};
		F460B95F29A5F4FF00DB007F /* concise-swift */ = {
			isa = PBXGroup;
			children = (
				F46F2E7829A70F82007FC154 /* Level0 */,
			);
			path = "concise-swift";
			sourceTree = "<group>";
		};
		F46F2E7829A70F82007FC154 /* Level0 */ = {
			isa = PBXGroup;
			children = (
				F46F2E7929A70F99007FC154 /* main.swift */,
				F46F2E7F29A7102D007FC154 /* 26~50번.swift */,
				F46F2E8129A71037007FC154 /* 51~75번.swift */,
				F46F2E8329A71044007FC154 /* 76~100번.swift */,
			);
			path = Level0;
			sourceTree = "<group>";
		};
/* End PBXGroup section */

/* Begin PBXNativeTarget section */
		F460B95C29A5F4FF00DB007F /* concise-swift */ = {
			isa = PBXNativeTarget;
			buildConfigurationList = F460B96429A5F4FF00DB007F /* Build configuration list for PBXNativeTarget "concise-swift" */;
			buildPhases = (
				F460B95929A5F4FF00DB007F /* Sources */,
				F460B95A29A5F4FF00DB007F /* Frameworks */,
				F460B95B29A5F4FF00DB007F /* CopyFiles */,
			);
			buildRules = (
			);
			dependencies = (
			);
			name = "concise-swift";
			productName = "concise-swift";
			productReference = F460B95D29A5F4FF00DB007F /* concise-swift */;
			productType = "com.apple.product-type.tool";
		};
/* End PBXNativeTarget section */

/* Begin PBXProject section */
		F460B95529A5F4FF00DB007F /* Project object */ = {
			isa = PBXProject;
			attributes = {
				BuildIndependentTargetsInParallel = 1;
				LastSwiftUpdateCheck = 1420;
				LastUpgradeCheck = 1420;
				TargetAttributes = {
					F460B95C29A5F4FF00DB007F = {
						CreatedOnToolsVersion = 14.2;
					};
				};
			};
			buildConfigurationList = F460B95829A5F4FF00DB007F /* Build configuration list for PBXProject "concise-swift" */;
			compatibilityVersion = "Xcode 14.0";
			developmentRegion = en;
			hasScannedForEncodings = 0;
			knownRegions = (
				en,
				Base,
			);
			mainGroup = F460B95429A5F4FF00DB007F;
			productRefGroup = F460B95E29A5F4FF00DB007F /* Products */;
			projectDirPath = "";
			projectRoot = "";
			targets = (
				F460B95C29A5F4FF00DB007F /* concise-swift */,
			);
		};
/* End PBXProject section */

/* Begin PBXSourcesBuildPhase section */
		F460B95929A5F4FF00DB007F /* Sources */ = {
			isa = PBXSourcesBuildPhase;
			buildActionMask = 2147483647;
			files = (
				F46F2E8229A71037007FC154 /* 51~75번.swift in Sources */,
				F46F2E8429A71044007FC154 /* 76~100번.swift in Sources */,
				F46F2E7A29A70F99007FC154 /* main.swift in Sources */,
				F46F2E8029A7102D007FC154 /* 26~50번.swift in Sources */,
			);
			runOnlyForDeploymentPostprocessing = 0;
		};
/* End PBXSourcesBuildPhase section */

/* Begin XCBuildConfiguration section */
		F460B96229A5F4FF00DB007F /* Debug */ = {
			isa = XCBuildConfiguration;
			buildSettings = {
				ALWAYS_SEARCH_USER_PATHS = NO;
				CLANG_ANALYZER_NONNULL = YES;
				CLANG_ANALYZER_NUMBER_OBJECT_CONVERSION = YES_AGGRESSIVE;
				CLANG_CXX_LANGUAGE_STANDARD = "gnu++20";
				CLANG_ENABLE_MODULES = YES;
				CLANG_ENABLE_OBJC_ARC = YES;
				CLANG_ENABLE_OBJC_WEAK = YES;
				CLANG_WARN_BLOCK_CAPTURE_AUTORELEASING = YES;
				CLANG_WARN_BOOL_CONVERSION = YES;
				CLANG_WARN_COMMA = YES;
				CLANG_WARN_CONSTANT_CONVERSION = YES;
				CLANG_WARN_DEPRECATED_OBJC_IMPLEMENTATIONS = YES;
				CLANG_WARN_DIRECT_OBJC_ISA_USAGE = YES_ERROR;
				CLANG_WARN_DOCUMENTATION_COMMENTS = YES;
				CLANG_WARN_EMPTY_BODY = YES;
				CLANG_WARN_ENUM_CONVERSION = YES;
				CLANG_WARN_INFINITE_RECURSION = YES;
				CLANG_WARN_INT_CONVERSION = YES;
				CLANG_WARN_NON_LITERAL_NULL_CONVERSION = YES;
				CLANG_WARN_OBJC_IMPLICIT_RETAIN_SELF = YES;
				CLANG_WARN_OBJC_LITERAL_CONVERSION = YES;
				CLANG_WARN_OBJC_ROOT_CLASS = YES_ERROR;
				CLANG_WARN_QUOTED_INCLUDE_IN_FRAMEWORK_HEADER = YES;
				CLANG_WARN_RANGE_LOOP_ANALYSIS = YES;
				CLANG_WARN_STRICT_PROTOTYPES = YES;
				CLANG_WARN_SUSPICIOUS_MOVE = YES;
				CLANG_WARN_UNGUARDED_AVAILABILITY = YES_AGGRESSIVE;
				CLANG_WARN_UNREACHABLE_CODE = YES;
				CLANG_WARN__DUPLICATE_METHOD_MATCH = YES;
				COPY_PHASE_STRIP = NO;
				DEBUG_INFORMATION_FORMAT = dwarf;
				ENABLE_STRICT_OBJC_MSGSEND = YES;
				ENABLE_TESTABILITY = YES;
				GCC_C_LANGUAGE_STANDARD = gnu11;
				GCC_DYNAMIC_NO_PIC = NO;
				GCC_NO_COMMON_BLOCKS = YES;
				GCC_OPTIMIZATION_LEVEL = 0;
				GCC_PREPROCESSOR_DEFINITIONS = (
					"DEBUG=1",
					"$(inherited)",
				);
				GCC_WARN_64_TO_32_BIT_CONVERSION = YES;
				GCC_WARN_ABOUT_RETURN_TYPE = YES_ERROR;
				GCC_WARN_UNDECLARED_SELECTOR = YES;
				GCC_WARN_UNINITIALIZED_AUTOS = YES_AGGRESSIVE;
				GCC_WARN_UNUSED_FUNCTION = YES;
				GCC_WARN_UNUSED_VARIABLE = YES;
				MACOSX_DEPLOYMENT_TARGET = 13.1;
				MTL_ENABLE_DEBUG_INFO = INCLUDE_SOURCE;
				MTL_FAST_MATH = YES;
				ONLY_ACTIVE_ARCH = YES;
				SDKROOT = macosx;
				SWIFT_ACTIVE_COMPILATION_CONDITIONS = DEBUG;
				SWIFT_OPTIMIZATION_LEVEL = "-Onone";
			};
			name = Debug;
		};
		F460B96329A5F4FF00DB007F /* Release */ = {
			isa = XCBuildConfiguration;
			buildSettings = {
				ALWAYS_SEARCH_USER_PATHS = NO;
				CLANG_ANALYZER_NONNULL = YES;
				CLANG_ANALYZER_NUMBER_OBJECT_CONVERSION = YES_AGGRESSIVE;
				CLANG_CXX_LANGUAGE_STANDARD = "gnu++20";
				CLANG_ENABLE_MODULES = YES;
				CLANG_ENABLE_OBJC_ARC = YES;
				CLANG_ENABLE_OBJC_WEAK = YES;
				CLANG_WARN_BLOCK_CAPTURE_AUTORELEASING = YES;
				CLANG_WARN_BOOL_CONVERSION = YES;
				CLANG_WARN_COMMA = YES;
				CLANG_WARN_CONSTANT_CONVERSION = YES;
				CLANG_WARN_DEPRECATED_OBJC_IMPLEMENTATIONS = YES;
				CLANG_WARN_DIRECT_OBJC_ISA_USAGE = YES_ERROR;
				CLANG_WARN_DOCUMENTATION_COMMENTS = YES;
				CLANG_WARN_EMPTY_BODY = YES;
				CLANG_WARN_ENUM_CONVERSION = YES;
				CLANG_WARN_INFINITE_RECURSION = YES;
				CLANG_WARN_INT_CONVERSION = YES;
				CLANG_WARN_NON_LITERAL_NULL_CONVERSION = YES;
				CLANG_WARN_OBJC_IMPLICIT_RETAIN_SELF = YES;
				CLANG_WARN_OBJC_LITERAL_CONVERSION = YES;
				CLANG_WARN_OBJC_ROOT_CLASS = YES_ERROR;
				CLANG_WARN_QUOTED_INCLUDE_IN_FRAMEWORK_HEADER = YES;
				CLANG_WARN_RANGE_LOOP_ANALYSIS = YES;
				CLANG_WARN_STRICT_PROTOTYPES = YES;
				CLANG_WARN_SUSPICIOUS_MOVE = YES;
				CLANG_WARN_UNGUARDED_AVAILABILITY = YES_AGGRESSIVE;
				CLANG_WARN_UNREACHABLE_CODE = YES;
				CLANG_WARN__DUPLICATE_METHOD_MATCH = YES;
				COPY_PHASE_STRIP = NO;
				DEBUG_INFORMATION_FORMAT = "dwarf-with-dsym";
				ENABLE_NS_ASSERTIONS = NO;
				ENABLE_STRICT_OBJC_MSGSEND = YES;
				GCC_C_LANGUAGE_STANDARD = gnu11;
				GCC_NO_COMMON_BLOCKS = YES;
				GCC_WARN_64_TO_32_BIT_CONVERSION = YES;
				GCC_WARN_ABOUT_RETURN_TYPE = YES_ERROR;
				GCC_WARN_UNDECLARED_SELECTOR = YES;
				GCC_WARN_UNINITIALIZED_AUTOS = YES_AGGRESSIVE;
				GCC_WARN_UNUSED_FUNCTION = YES;
				GCC_WARN_UNUSED_VARIABLE = YES;
				MACOSX_DEPLOYMENT_TARGET = 13.1;
				MTL_ENABLE_DEBUG_INFO = NO;
				MTL_FAST_MATH = YES;
				SDKROOT = macosx;
				SWIFT_COMPILATION_MODE = wholemodule;
				SWIFT_OPTIMIZATION_LEVEL = "-O";
			};
			name = Release;
		};
		F460B96529A5F4FF00DB007F /* Debug */ = {
			isa = XCBuildConfiguration;
			buildSettings = {
				CODE_SIGN_STYLE = Automatic;
				DEVELOPMENT_TEAM = M526U856M5;
				ENABLE_HARDENED_RUNTIME = YES;
				PRODUCT_NAME = "$(TARGET_NAME)";
				SWIFT_VERSION = 5.0;
			};
			name = Debug;
		};
		F460B96629A5F4FF00DB007F /* Release */ = {
			isa = XCBuildConfiguration;
			buildSettings = {
				CODE_SIGN_STYLE = Automatic;
				DEVELOPMENT_TEAM = M526U856M5;
				ENABLE_HARDENED_RUNTIME = YES;
				PRODUCT_NAME = "$(TARGET_NAME)";
				SWIFT_VERSION = 5.0;
			};
			name = Release;
		};
/* End XCBuildConfiguration section */

/* Begin XCConfigurationList section */
		F460B95829A5F4FF00DB007F /* Build configuration list for PBXProject "concise-swift" */ = {
			isa = XCConfigurationList;
			buildConfigurations = (
				F460B96229A5F4FF00DB007F /* Debug */,
				F460B96329A5F4FF00DB007F /* Release */,
			);
			defaultConfigurationIsVisible = 0;
			defaultConfigurationName = Release;
		};
		F460B96429A5F4FF00DB007F /* Build configuration list for PBXNativeTarget "concise-swift" */ = {
			isa = XCConfigurationList;
			buildConfigurations = (
				F460B96529A5F4FF00DB007F /* Debug */,
				F460B96629A5F4FF00DB007F /* Release */,
			);
			defaultConfigurationIsVisible = 0;
			defaultConfigurationName = Release;
		};
/* End XCConfigurationList section */
	};
	rootObject = F460B95529A5F4FF00DB007F /* Project object */;
}
